
Microsoft Visual Studio Solution File, Format Version 12.00
# Visual Studio Version 17
VisualStudioVersion = 17.9.34902.65
MinimumVisualStudioVersion = 10.0.40219.1
Project("{9A19103F-16F7-4668-BE54-9A1E7A4F7556}") = "Zenith", "Zenith\Zenith.csproj", "{273DA7BD-C89A-4574-97DE-AF425529FAAE}"
EndProject
Project("{9A19103F-16F7-4668-BE54-9A1E7A4F7556}") = "ZenithEngine", "ZenithEngine\ZenithEngine.csproj", "{60F2212A-D56C-4776-836F-6A49453CDBC4}"
EndProject
Project("{9A19103F-16F7-4668-BE54-9A1E7A4F7556}") = "ClassicRender", "Modules\ClassicRender\ClassicRender.csproj", "{B733D6F1-78A8-43CA-91A3-28FA3E7025D4}"
EndProject
Project("{9A19103F-16F7-4668-BE54-9A1E7A4F7556}") = "PFARender", "Modules\PFARender\PFARender.csproj", "{84E13869-0D33-4A56-A1A8-0B6F12C76081}"
EndProject
Project("{9A19103F-16F7-4668-BE54-9A1E7A4F7556}") = "FlatRender", "Modules\FlatRender\FlatRender.csproj", "{AE59479C-9D0D-464C-A4D3-8FDD7E1F3786}"
EndProject
Project("{9A19103F-16F7-4668-BE54-9A1E7A4F7556}") = "MidiTrailRender", "Modules\MidiTrailRender\MidiTrailRender.csproj", "{991E132A-A56D-49AB-BBEE-9828359BB307}"
EndProject
Project("{9A19103F-16F7-4668-BE54-9A1E7A4F7556}") = "NoteCountRender", "Modules\NoteCountRender\NoteCountRender.csproj", "{5F30BA79-D86B-4FC6-BA76-7CBB9EBBA721}"
EndProject
Project("{9A19103F-16F7-4668-BE54-9A1E7A4F7556}") = "TexturedRender", "Modules\TexturedRender\TexturedRender.csproj", "{ECF72523-79AE-4DD1-9421-60B1D8BCCB9E}"
EndProject
Project("{9A19103F-16F7-4668-BE54-9A1E7A4F7556}") = "ScriptedRender", "Modules\ScriptedRenderer\ScriptedRender.csproj", "{95F774EB-47A2-40B3-A0CE-E616BBD4D62B}"
EndProject
Project("{9A19103F-16F7-4668-BE54-9A1E7A4F7556}") = "DX.WPF", "DX.WPF\DX.WPF.csproj", "{BD352A84-3DEC-47AD-87AB-1765237D7DEE}"
EndProject
Project("{2150E333-8FDC-42A3-9474-1A3956D46DE8}") = "Modules", "Modules", "{FA3E6B86-04F6-428D-99C2-62BF5D91FEE0}"
EndProject
Global
	GlobalSection(SolutionConfigurationPlatforms) = preSolution
		Debug|Any CPU = Debug|Any CPU
		Debug|x64 = Debug|x64
		Debug|x86 = Debug|x86
		Release|Any CPU = Release|Any CPU
		Release|x64 = Release|x64
		Release|x86 = Release|x86
	EndGlobalSection
	GlobalSection(ProjectConfigurationPlatforms) = postSolution
		{273DA7BD-C89A-4574-97DE-AF425529FAAE}.Debug|Any CPU.ActiveCfg = Debug|Any CPU
		{273DA7BD-C89A-4574-97DE-AF425529FAAE}.Debug|Any CPU.Build.0 = Debug|Any CPU
		{273DA7BD-C89A-4574-97DE-AF425529FAAE}.Debug|x64.ActiveCfg = Debug|x64
		{273DA7BD-C89A-4574-97DE-AF425529FAAE}.Debug|x64.Build.0 = Debug|x64
		{273DA7BD-C89A-4574-97DE-AF425529FAAE}.Debug|x86.ActiveCfg = Debug|x86
		{273DA7BD-C89A-4574-97DE-AF425529FAAE}.Debug|x86.Build.0 = Debug|x86
		{273DA7BD-C89A-4574-97DE-AF425529FAAE}.Release|Any CPU.ActiveCfg = Release|Any CPU
		{273DA7BD-C89A-4574-97DE-AF425529FAAE}.Release|Any CPU.Build.0 = Release|Any CPU
		{273DA7BD-C89A-4574-97DE-AF425529FAAE}.Release|x64.ActiveCfg = Release|x64
		{273DA7BD-C89A-4574-97DE-AF425529FAAE}.Release|x64.Build.0 = Release|x64
		{273DA7BD-C89A-4574-97DE-AF425529FAAE}.Release|x86.ActiveCfg = Release|x86
		{273DA7BD-C89A-4574-97DE-AF425529FAAE}.Release|x86.Build.0 = Release|x86
		{60F2212A-D56C-4776-836F-6A49453CDBC4}.Debug|Any CPU.ActiveCfg = Debug|Any CPU
		{60F2212A-D56C-4776-836F-6A49453CDBC4}.Debug|Any CPU.Build.0 = Debug|Any CPU
		{60F2212A-D56C-4776-836F-6A49453CDBC4}.Debug|x64.ActiveCfg = Debug|x64
		{60F2212A-D56C-4776-836F-6A49453CDBC4}.Debug|x64.Build.0 = Debug|x64
		{60F2212A-D56C-4776-836F-6A49453CDBC4}.Debug|x86.ActiveCfg = Debug|x86
		{60F2212A-D56C-4776-836F-6A49453CDBC4}.Debug|x86.Build.0 = Debug|x86
		{60F2212A-D56C-4776-836F-6A49453CDBC4}.Release|Any CPU.ActiveCfg = Release|Any CPU
		{60F2212A-D56C-4776-836F-6A49453CDBC4}.Release|Any CPU.Build.0 = Release|Any CPU
		{60F2212A-D56C-4776-836F-6A49453CDBC4}.Release|x64.ActiveCfg = Release|x64
		{60F2212A-D56C-4776-836F-6A49453CDBC4}.Release|x64.Build.0 = Release|x64
		{60F2212A-D56C-4776-836F-6A49453CDBC4}.Release|x86.ActiveCfg = Release|x86
		{60F2212A-D56C-4776-836F-6A49453CDBC4}.Release|x86.Build.0 = Release|x86
		{B733D6F1-78A8-43CA-91A3-28FA3E7025D4}.Debug|Any CPU.ActiveCfg = Debug|Any CPU
		{B733D6F1-78A8-43CA-91A3-28FA3E7025D4}.Debug|Any CPU.Build.0 = Debug|Any CPU
		{B733D6F1-78A8-43CA-91A3-28FA3E7025D4}.Debug|x64.ActiveCfg = Debug|x64
		{B733D6F1-78A8-43CA-91A3-28FA3E7025D4}.Debug|x64.Build.0 = Debug|x64
		{B733D6F1-78A8-43CA-91A3-28FA3E7025D4}.Debug|x86.ActiveCfg = Debug|x86
		{B733D6F1-78A8-43CA-91A3-28FA3E7025D4}.Debug|x86.Build.0 = Debug|x86
		{B733D6F1-78A8-43CA-91A3-28FA3E7025D4}.Release|Any CPU.ActiveCfg = Release|Any CPU
		{B733D6F1-78A8-43CA-91A3-28FA3E7025D4}.Release|Any CPU.Build.0 = Release|Any CPU
		{B733D6F1-78A8-43CA-91A3-28FA3E7025D4}.Release|x64.ActiveCfg = Release|x64
		{B733D6F1-78A8-43CA-91A3-28FA3E7025D4}.Release|x64.Build.0 = Release|x64
		{B733D6F1-78A8-43CA-91A3-28FA3E7025D4}.Release|x86.ActiveCfg = Release|x86
		{B733D6F1-78A8-43CA-91A3-28FA3E7025D4}.Release|x86.Build.0 = Release|x86
		{84E13869-0D33-4A56-A1A8-0B6F12C76081}.Debug|Any CPU.ActiveCfg = Debug|Any CPU
		{84E13869-0D33-4A56-A1A8-0B6F12C76081}.Debug|Any CPU.Build.0 = Debug|Any CPU
		{84E13869-0D33-4A56-A1A8-0B6F12C76081}.Debug|x64.ActiveCfg = Debug|x64
		{84E13869-0D33-4A56-A1A8-0B6F12C76081}.Debug|x64.Build.0 = Debug|x64
		{84E13869-0D33-4A56-A1A8-0B6F12C76081}.Debug|x86.ActiveCfg = Debug|x86
		{84E13869-0D33-4A56-A1A8-0B6F12C76081}.Debug|x86.Build.0 = Debug|x86
		{84E13869-0D33-4A56-A1A8-0B6F12C76081}.Release|Any CPU.ActiveCfg = Release|Any CPU
		{84E13869-0D33-4A56-A1A8-0B6F12C76081}.Release|Any CPU.Build.0 = Release|Any CPU
		{84E13869-0D33-4A56-A1A8-0B6F12C76081}.Release|x64.ActiveCfg = Release|x64
		{84E13869-0D33-4A56-A1A8-0B6F12C76081}.Release|x64.Build.0 = Release|x64
		{84E13869-0D33-4A56-A1A8-0B6F12C76081}.Release|x86.ActiveCfg = Release|x86
		{84E13869-0D33-4A56-A1A8-0B6F12C76081}.Release|x86.Build.0 = Release|x86
		{AE59479C-9D0D-464C-A4D3-8FDD7E1F3786}.Debug|Any CPU.ActiveCfg = Debug|Any CPU
		{AE59479C-9D0D-464C-A4D3-8FDD7E1F3786}.Debug|Any CPU.Build.0 = Debug|Any CPU
		{AE59479C-9D0D-464C-A4D3-8FDD7E1F3786}.Debug|x64.ActiveCfg = Debug|x64
		{AE59479C-9D0D-464C-A4D3-8FDD7E1F3786}.Debug|x64.Build.0 = Debug|x64
		{AE59479C-9D0D-464C-A4D3-8FDD7E1F3786}.Debug|x86.ActiveCfg = Debug|x86
		{AE59479C-9D0D-464C-A4D3-8FDD7E1F3786}.Debug|x86.Build.0 = Debug|x86
		{AE59479C-9D0D-464C-A4D3-8FDD7E1F3786}.Release|Any CPU.ActiveCfg = Release|Any CPU
		{AE59479C-9D0D-464C-A4D3-8FDD7E1F3786}.Release|Any CPU.Build.0 = Release|Any CPU
		{AE59479C-9D0D-464C-A4D3-8FDD7E1F3786}.Release|x64.ActiveCfg = Release|x64
		{AE59479C-9D0D-464C-A4D3-8FDD7E1F3786}.Release|x64.Build.0 = Release|x64
		{AE59479C-9D0D-464C-A4D3-8FDD7E1F3786}.Release|x86.ActiveCfg = Release|x86
		{AE59479C-9D0D-464C-A4D3-8FDD7E1F3786}.Release|x86.Build.0 = Release|x86
		{991E132A-A56D-49AB-BBEE-9828359BB307}.Debug|Any CPU.ActiveCfg = Debug|Any CPU
		{991E132A-A56D-49AB-BBEE-9828359BB307}.Debug|Any CPU.Build.0 = Debug|Any CPU
		{991E132A-A56D-49AB-BBEE-9828359BB307}.Debug|x64.ActiveCfg = Debug|x64
		{991E132A-A56D-49AB-BBEE-9828359BB307}.Debug|x64.Build.0 = Debug|x64
		{991E132A-A56D-49AB-BBEE-9828359BB307}.Debug|x86.ActiveCfg = Debug|x86
		{991E132A-A56D-49AB-BBEE-9828359BB307}.Debug|x86.Build.0 = Debug|x86
		{991E132A-A56D-49AB-BBEE-9828359BB307}.Release|Any CPU.ActiveCfg = Release|Any CPU
		{991E132A-A56D-49AB-BBEE-9828359BB307}.Release|Any CPU.Build.0 = Release|Any CPU
		{991E132A-A56D-49AB-BBEE-9828359BB307}.Release|x64.ActiveCfg = Release|x64
		{991E132A-A56D-49AB-BBEE-9828359BB307}.Release|x64.Build.0 = Release|x64
		{991E132A-A56D-49AB-BBEE-9828359BB307}.Release|x86.ActiveCfg = Release|x86
		{991E132A-A56D-49AB-BBEE-9828359BB307}.Release|x86.Build.0 = Release|x86
		{5F30BA79-D86B-4FC6-BA76-7CBB9EBBA721}.Debug|Any CPU.ActiveCfg = Debug|Any CPU
		{5F30BA79-D86B-4FC6-BA76-7CBB9EBBA721}.Debug|Any CPU.Build.0 = Debug|Any CPU
		{5F30BA79-D86B-4FC6-BA76-7CBB9EBBA721}.Debug|x64.ActiveCfg = Debug|x64
		{5F30BA79-D86B-4FC6-BA76-7CBB9EBBA721}.Debug|x64.Build.0 = Debug|x64
		{5F30BA79-D86B-4FC6-BA76-7CBB9EBBA721}.Debug|x86.ActiveCfg = Debug|x86
		{5F30BA79-D86B-4FC6-BA76-7CBB9EBBA721}.Debug|x86.Build.0 = Debug|x86
		{5F30BA79-D86B-4FC6-BA76-7CBB9EBBA721}.Release|Any CPU.ActiveCfg = Release|Any CPU
		{5F30BA79-D86B-4FC6-BA76-7CBB9EBBA721}.Release|Any CPU.Build.0 = Release|Any CPU
		{5F30BA79-D86B-4FC6-BA76-7CBB9EBBA721}.Release|x64.ActiveCfg = Release|x64
		{5F30BA79-D86B-4FC6-BA76-7CBB9EBBA721}.Release|x64.Build.0 = Release|x64
		{5F30BA79-D86B-4FC6-BA76-7CBB9EBBA721}.Release|x86.ActiveCfg = Release|x86
		{5F30BA79-D86B-4FC6-BA76-7CBB9EBBA721}.Release|x86.Build.0 = Release|x86
		{ECF72523-79AE-4DD1-9421-60B1D8BCCB9E}.Debug|Any CPU.ActiveCfg = Debug|Any CPU
		{ECF72523-79AE-4DD1-9421-60B1D8BCCB9E}.Debug|Any CPU.Build.0 = Debug|Any CPU
		{ECF72523-79AE-4DD1-9421-60B1D8BCCB9E}.Debug|x64.ActiveCfg = Debug|x64
		{ECF72523-79AE-4DD1-9421-60B1D8BCCB9E}.Debug|x64.Build.0 = Debug|x64
		{ECF72523-79AE-4DD1-9421-60B1D8BCCB9E}.Debug|x86.ActiveCfg = Debug|x86
		{ECF72523-79AE-4DD1-9421-60B1D8BCCB9E}.Debug|x86.Build.0 = Debug|x86
		{ECF72523-79AE-4DD1-9421-60B1D8BCCB9E}.Release|Any CPU.ActiveCfg = Release|Any CPU
		{ECF72523-79AE-4DD1-9421-60B1D8BCCB9E}.Release|Any CPU.Build.0 = Release|Any CPU
		{ECF72523-79AE-4DD1-9421-60B1D8BCCB9E}.Release|x64.ActiveCfg = Release|x64
		{ECF72523-79AE-4DD1-9421-60B1D8BCCB9E}.Release|x64.Build.0 = Release|x64
		{ECF72523-79AE-4DD1-9421-60B1D8BCCB9E}.Release|x86.ActiveCfg = Release|x86
		{ECF72523-79AE-4DD1-9421-60B1D8BCCB9E}.Release|x86.Build.0 = Release|x86
		{95F774EB-47A2-40B3-A0CE-E616BBD4D62B}.Debug|Any CPU.ActiveCfg = Debug|Any CPU
		{95F774EB-47A2-40B3-A0CE-E616BBD4D62B}.Debug|Any CPU.Build.0 = Debug|Any CPU
		{95F774EB-47A2-40B3-A0CE-E616BBD4D62B}.Debug|x64.ActiveCfg = Debug|x64
		{95F774EB-47A2-40B3-A0CE-E616BBD4D62B}.Debug|x64.Build.0 = Debug|x64
		{95F774EB-47A2-40B3-A0CE-E616BBD4D62B}.Debug|x86.ActiveCfg = Debug|x86
		{95F774EB-47A2-40B3-A0CE-E616BBD4D62B}.Debug|x86.Build.0 = Debug|x86
		{95F774EB-47A2-40B3-A0CE-E616BBD4D62B}.Release|Any CPU.ActiveCfg = Release|Any CPU
		{95F774EB-47A2-40B3-A0CE-E616BBD4D62B}.Release|Any CPU.Build.0 = Release|Any CPU
		{95F774EB-47A2-40B3-A0CE-E616BBD4D62B}.Release|x64.ActiveCfg = Release|x64
		{95F774EB-47A2-40B3-A0CE-E616BBD4D62B}.Release|x64.Build.0 = Release|x64
		{95F774EB-47A2-40B3-A0CE-E616BBD4D62B}.Release|x86.ActiveCfg = Release|x86
		{95F774EB-47A2-40B3-A0CE-E616BBD4D62B}.Release|x86.Build.0 = Release|x86
		{BD352A84-3DEC-47AD-87AB-1765237D7DEE}.Debug|Any CPU.ActiveCfg = Debug|Any CPU
		{BD352A84-3DEC-47AD-87AB-1765237D7DEE}.Debug|Any CPU.Build.0 = Debug|Any CPU
		{BD352A84-3DEC-47AD-87AB-1765237D7DEE}.Debug|x64.ActiveCfg = Debug|Any CPU
		{BD352A84-3DEC-47AD-87AB-1765237D7DEE}.Debug|x64.Build.0 = Debug|Any CPU
		{BD352A84-3DEC-47AD-87AB-1765237D7DEE}.Debug|x86.ActiveCfg = Debug|Any CPU
		{BD352A84-3DEC-47AD-87AB-1765237D7DEE}.Debug|x86.Build.0 = Debug|Any CPU
		{BD352A84-3DEC-47AD-87AB-1765237D7DEE}.Release|Any CPU.ActiveCfg = Release|Any CPU
		{BD352A84-3DEC-47AD-87AB-1765237D7DEE}.Release|Any CPU.Build.0 = Release|Any CPU
		{BD352A84-3DEC-47AD-87AB-1765237D7DEE}.Release|x64.ActiveCfg = Release|Any CPU
		{BD352A84-3DEC-47AD-87AB-1765237D7DEE}.Release|x64.Build.0 = Release|Any CPU
		{BD352A84-3DEC-47AD-87AB-1765237D7DEE}.Release|x86.ActiveCfg = Release|Any CPU
		{BD352A84-3DEC-47AD-87AB-1765237D7DEE}.Release|x86.Build.0 = Release|Any CPU
	EndGlobalSection
	GlobalSection(SolutionProperties) = preSolution
		HideSolutionNode = FALSE
	EndGlobalSection
	GlobalSection(NestedProjects) = preSolution
		{B733D6F1-78A8-43CA-91A3-28FA3E7025D4} = {FA3E6B86-04F6-428D-99C2-62BF5D91FEE0}
		{84E13869-0D33-4A56-A1A8-0B6F12C76081} = {FA3E6B86-04F6-428D-99C2-62BF5D91FEE0}
		{AE59479C-9D0D-464C-A4D3-8FDD7E1F3786} = {FA3E6B86-04F6-428D-99C2-62BF5D91FEE0}
		{991E132A-A56D-49AB-BBEE-9828359BB307} = {FA3E6B86-04F6-428D-99C2-62BF5D91FEE0}
		{5F30BA79-D86B-4FC6-BA76-7CBB9EBBA721} = {FA3E6B86-04F6-428D-99C2-62BF5D91FEE0}
		{ECF72523-79AE-4DD1-9421-60B1D8BCCB9E} = {FA3E6B86-04F6-428D-99C2-62BF5D91FEE0}
		{95F774EB-47A2-40B3-A0CE-E616BBD4D62B} = {FA3E6B86-04F6-428D-99C2-62BF5D91FEE0}
	EndGlobalSection
	GlobalSection(ExtensibilityGlobals) = postSolution
		SolutionGuid = {8FECB4F7-95FB-4E36-BDEE-C79BB233B885}
	EndGlobalSection
EndGlobal
